
Microsoft Visual Studio Solution File, Format Version 12.00
# Visual Studio Version 16
VisualStudioVersion = 16.0.30804.86
MinimumVisualStudioVersion = 10.0.40219.1
Project("{9A19103F-16F7-4668-BE54-9A1E7A4F7556}") = "Homework1", "Homework1\Homework1.csproj", "{4DB804D0-9AF1-4C81-BDCE-74E3D19DA8A9}"
EndProject
Project("{9A19103F-16F7-4668-BE54-9A1E7A4F7556}") = "Homework2_1", "Homework2_1\Homework2_1.csproj", "{17C0C07A-A516-4BEB-AC98-13E647AD7CEB}"
EndProject
Project("{9A19103F-16F7-4668-BE54-9A1E7A4F7556}") = "Homework2_2", "Homework2_2\Homework2_2.csproj", "{75D6FE6F-22AF-4EB0-94A6-71891ED5426B}"
EndProject
Project("{9A19103F-16F7-4668-BE54-9A1E7A4F7556}") = "Homework2_3", "Homework2_3\Homework2_3.csproj", "{1CF7752F-2D15-4F7D-8809-2A3E8B13B6D8}"
EndProject
Project("{9A19103F-16F7-4668-BE54-9A1E7A4F7556}") = "Homework2_4", "Homework2_4\Homework2_4.csproj", "{47FF58D7-3785-4EF3-B89B-2236748CD0E2}"
EndProject
Project("{9A19103F-16F7-4668-BE54-9A1E7A4F7556}") = "Homework3", "C:\Users\Mi7\source\repos\AbstractFactoryDepo\new2\AbstractFactoryDepo\Homework3.csproj", "{CEC50869-32E8-497A-8D1D-C18A34CF97C0}"
EndProject
Global
	GlobalSection(SolutionConfigurationPlatforms) = preSolution
		Debug|Any CPU = Debug|Any CPU
		Release|Any CPU = Release|Any CPU
	EndGlobalSection
	GlobalSection(ProjectConfigurationPlatforms) = postSolution
		{4DB804D0-9AF1-4C81-BDCE-74E3D19DA8A9}.Debug|Any CPU.ActiveCfg = Debug|Any CPU
		{4DB804D0-9AF1-4C81-BDCE-74E3D19DA8A9}.Debug|Any CPU.Build.0 = Debug|Any CPU
		{4DB804D0-9AF1-4C81-BDCE-74E3D19DA8A9}.Release|Any CPU.ActiveCfg = Release|Any CPU
		{4DB804D0-9AF1-4C81-BDCE-74E3D19DA8A9}.Release|Any CPU.Build.0 = Release|Any CPU
		{17C0C07A-A516-4BEB-AC98-13E647AD7CEB}.Debug|Any CPU.ActiveCfg = Debug|Any CPU
		{17C0C07A-A516-4BEB-AC98-13E647AD7CEB}.Debug|Any CPU.Build.0 = Debug|Any CPU
		{17C0C07A-A516-4BEB-AC98-13E647AD7CEB}.Release|Any CPU.ActiveCfg = Release|Any CPU
		{17C0C07A-A516-4BEB-AC98-13E647AD7CEB}.Release|Any CPU.Build.0 = Release|Any CPU
		{75D6FE6F-22AF-4EB0-94A6-71891ED5426B}.Debug|Any CPU.ActiveCfg = Debug|Any CPU
		{75D6FE6F-22AF-4EB0-94A6-71891ED5426B}.Debug|Any CPU.Build.0 = Debug|Any CPU
		{75D6FE6F-22AF-4EB0-94A6-71891ED5426B}.Release|Any CPU.ActiveCfg = Release|Any CPU
		{75D6FE6F-22AF-4EB0-94A6-71891ED5426B}.Release|Any CPU.Build.0 = Release|Any CPU
		{1CF7752F-2D15-4F7D-8809-2A3E8B13B6D8}.Debug|Any CPU.ActiveCfg = Debug|Any CPU
		{1CF7752F-2D15-4F7D-8809-2A3E8B13B6D8}.Debug|Any CPU.Build.0 = Debug|Any CPU
		{1CF7752F-2D15-4F7D-8809-2A3E8B13B6D8}.Release|Any CPU.ActiveCfg = Release|Any CPU
		{1CF7752F-2D15-4F7D-8809-2A3E8B13B6D8}.Release|Any CPU.Build.0 = Release|Any CPU
		{47FF58D7-3785-4EF3-B89B-2236748CD0E2}.Debug|Any CPU.ActiveCfg = Debug|Any CPU
		{47FF58D7-3785-4EF3-B89B-2236748CD0E2}.Debug|Any CPU.Build.0 = Debug|Any CPU
		{47FF58D7-3785-4EF3-B89B-2236748CD0E2}.Release|Any CPU.ActiveCfg = Release|Any CPU
		{47FF58D7-3785-4EF3-B89B-2236748CD0E2}.Release|Any CPU.Build.0 = Release|Any CPU
		{CEC50869-32E8-497A-8D1D-C18A34CF97C0}.Debug|Any CPU.ActiveCfg = Debug|Any CPU
		{CEC50869-32E8-497A-8D1D-C18A34CF97C0}.Debug|Any CPU.Build.0 = Debug|Any CPU
		{CEC50869-32E8-497A-8D1D-C18A34CF97C0}.Release|Any CPU.ActiveCfg = Release|Any CPU
		{CEC50869-32E8-497A-8D1D-C18A34CF97C0}.Release|Any CPU.Build.0 = Release|Any CPU
	EndGlobalSection
	GlobalSection(SolutionProperties) = preSolution
		HideSolutionNode = FALSE
	EndGlobalSection
	GlobalSection(ExtensibilityGlobals) = postSolution
		SolutionGuid = {966B2BAA-EA96-4914-A295-4BBA8A0ABD7B}
	EndGlobalSection
EndGlobal
