
Microsoft Visual Studio Solution File, Format Version 12.00
# Visual Studio Version 16
VisualStudioVersion = 16.0.30804.86
MinimumVisualStudioVersion = 10.0.40219.1
Project("{9A19103F-16F7-4668-BE54-9A1E7A4F7556}") = "Homework1", "Homework1\Homework1.csproj", "{4DB804D0-9AF1-4C81-BDCE-74E3D19DA8A9}"
EndProject
Project("{FAE04EC0-301F-11D3-BF4B-00C04F79EFBC}") = "Homework2_1", "Homework2_1\Homework2_1.csproj", "{17C0C07A-A516-4BEB-AC98-13E647AD7CEB}"
EndProject
Global
	GlobalSection(SolutionConfigurationPlatforms) = preSolution
		Debug|Any CPU = Debug|Any CPU
		Release|Any CPU = Release|Any CPU
	EndGlobalSection
	GlobalSection(ProjectConfigurationPlatforms) = postSolution
		{4DB804D0-9AF1-4C81-BDCE-74E3D19DA8A9}.Debug|Any CPU.ActiveCfg = Debug|Any CPU
		{4DB804D0-9AF1-4C81-BDCE-74E3D19DA8A9}.Debug|Any CPU.Build.0 = Debug|Any CPU
		{4DB804D0-9AF1-4C81-BDCE-74E3D19DA8A9}.Release|Any CPU.ActiveCfg = Release|Any CPU
		{4DB804D0-9AF1-4C81-BDCE-74E3D19DA8A9}.Release|Any CPU.Build.0 = Release|Any CPU
		{17C0C07A-A516-4BEB-AC98-13E647AD7CEB}.Debug|Any CPU.ActiveCfg = Debug|Any CPU
		{17C0C07A-A516-4BEB-AC98-13E647AD7CEB}.Debug|Any CPU.Build.0 = Debug|Any CPU
		{17C0C07A-A516-4BEB-AC98-13E647AD7CEB}.Release|Any CPU.ActiveCfg = Release|Any CPU
		{17C0C07A-A516-4BEB-AC98-13E647AD7CEB}.Release|Any CPU.Build.0 = Release|Any CPU
	EndGlobalSection
	GlobalSection(SolutionProperties) = preSolution
		HideSolutionNode = FALSE
	EndGlobalSection
	GlobalSection(ExtensibilityGlobals) = postSolution
		SolutionGuid = {966B2BAA-EA96-4914-A295-4BBA8A0ABD7B}
	EndGlobalSection
EndGlobal
